
Microsoft Visual Studio Solution File, Format Version 12.00
# Visual Studio Version 16
VisualStudioVersion = 16.0.29324.140
MinimumVisualStudioVersion = 10.0.40219.1
Project("{FAE04EC0-301F-11D3-BF4B-00C04F79EFBC}") = "RazorPagesMovie", "RazorPagesMovie.csproj", "{59A7B248-33BC-4287-B25D-777DF9B45187}"
EndProject
Global
	GlobalSection(SolutionConfigurationPlatforms) = preSolution
		Debug|Any CPU = Debug|Any CPU
		Release|Any CPU = Release|Any CPU
	EndGlobalSection
	GlobalSection(ProjectConfigurationPlatforms) = postSolution
		{59A7B248-33BC-4287-B25D-777DF9B45187}.Debug|Any CPU.ActiveCfg = Debug|Any CPU
		{59A7B248-33BC-4287-B25D-777DF9B45187}.Debug|Any CPU.Build.0 = Debug|Any CPU
		{59A7B248-33BC-4287-B25D-777DF9B45187}.Release|Any CPU.ActiveCfg = Release|Any CPU
		{59A7B248-33BC-4287-B25D-777DF9B45187}.Release|Any CPU.Build.0 = Release|Any CPU
	EndGlobalSection
	GlobalSection(SolutionProperties) = preSolution
		HideSolutionNode = FALSE
	EndGlobalSection
	GlobalSection(ExtensibilityGlobals) = postSolution
		SolutionGuid = {9FFD8945-FCE8-496C-87D6-F59BF35F2A2D}
	EndGlobalSection
EndGlobal
